# generated by rye
# use `rye lock` or `rye sync` to update this lockfile
#
# last locked with the following flags:
#   pre: false
#   features: []
#   all-features: false
#   with-sources: false
#   generate-hashes: false
#   universal: false

-e file:.
altgraph==0.17.4
    # via pyinstaller
chess==1.10.0
    # via cs310-project
colorama==0.4.6
    # via cs310-project
    # via tqdm
packaging==24.1
    # via pyinstaller
    # via pyinstaller-hooks-contrib
pefile==2024.8.26
    # via pyinstaller
pygame==2.6.1
    # via cs310-project
pyinstaller==6.10.0
    # via cs310-project
pyinstaller-hooks-contrib==2024.8
    # via pyinstaller
pywin32-ctypes==0.2.3
    # via pyinstaller
setuptools==75.1.0
    # via pyinstaller
    # via pyinstaller-hooks-contrib
stockfish==3.28.0
    # via cs310-project
tqdm==4.66.5
    # via cs310-project
