# generated by rye
# use `rye lock` or `rye sync` to update this lockfile
#
# last locked with the following flags:
#   pre: false
#   features: []
#   all-features: false
#   with-sources: false
#   generate-hashes: false
#   universal: false

-e file:.
chess==1.11.2
    # via cs310-project
pygame-ce==2.5.3
    # via cs310-project
    # via pygame-gui
    # via pygame-menu-ce
pygame-gui==0.6.13
    # via cs310-project
pygame-menu-ce==4.5.2
    # via cs310-project
pyperclip==1.9.0
    # via pygame-menu-ce
python-i18n==0.3.9
    # via pygame-gui
typing-extensions==4.13.1
    # via pygame-menu-ce
