# generated by rye
# use `rye lock` or `rye sync` to update this lockfile
#
# last locked with the following flags:
#   pre: false
#   features: []
#   all-features: false
#   with-sources: false
#   generate-hashes: false
#   universal: false

-e file:.
chess==1.10.0
    # via cs310-project
colorama==0.4.6
    # via cs310-project
    # via tqdm
numpy==2.1.1
    # via cs310-project
pygame==2.6.1
    # via cs310-project
stockfish==3.28.0
    # via cs310-project
tqdm==4.66.5
    # via cs310-project
